
Microsoft Visual Studio Solution File, Format Version 12.00
# Visual Studio Version 16
VisualStudioVersion = 16.0.30907.101
MinimumVisualStudioVersion = 10.0.40219.1
Project("{FAE04EC0-301F-11D3-BF4B-00C04F79EFBC}") = "ASP.NET Core", "ASP.NET Core\ASP.NET Core.csproj", "{40B63D4F-10F6-4C58-9DF7-763CB1960451}"
EndProject
Project("{2150E333-8FDC-42A3-9474-1A3956D46DE8}") = "DevExtreme NuGet.config", "DevExtreme NuGet.config", "{1E2F2069-EB84-4BC7-B240-9F000CE5B660}"
	ProjectSection(SolutionItems) = preProject
		NuGet.config = NuGet.config
	EndProjectSection
EndProject
Global
	GlobalSection(SolutionConfigurationPlatforms) = preSolution
		Debug|Any CPU = Debug|Any CPU
		Release|Any CPU = Release|Any CPU
	EndGlobalSection
	GlobalSection(ProjectConfigurationPlatforms) = postSolution
		{40B63D4F-10F6-4C58-9DF7-763CB1960451}.Debug|Any CPU.ActiveCfg = Debug|Any CPU
		{40B63D4F-10F6-4C58-9DF7-763CB1960451}.Debug|Any CPU.Build.0 = Debug|Any CPU
		{40B63D4F-10F6-4C58-9DF7-763CB1960451}.Release|Any CPU.ActiveCfg = Release|Any CPU
		{40B63D4F-10F6-4C58-9DF7-763CB1960451}.Release|Any CPU.Build.0 = Release|Any CPU
	EndGlobalSection
	GlobalSection(SolutionProperties) = preSolution
		HideSolutionNode = FALSE
	EndGlobalSection
	GlobalSection(ExtensibilityGlobals) = postSolution
		SolutionGuid = {BA2AEC5A-C5DE-4926-A7CF-E45132A7BE61}
	EndGlobalSection
EndGlobal
